
Microsoft Visual Studio Solution File, Format Version 12.00
# Visual Studio Version 16
VisualStudioVersion = 16.0.30907.101
MinimumVisualStudioVersion = 10.0.40219.1
Project("{FAE04EC0-301F-11D3-BF4B-00C04F79EFBC}") = "ders20ocak", "ders20ocak\ders20ocak.csproj", "{4AA2479D-C5E6-4C7A-895B-CDC9215F7EFD}"
EndProject
Global
	GlobalSection(SolutionConfigurationPlatforms) = preSolution
		Debug|Any CPU = Debug|Any CPU
		Release|Any CPU = Release|Any CPU
	EndGlobalSection
	GlobalSection(ProjectConfigurationPlatforms) = postSolution
		{4AA2479D-C5E6-4C7A-895B-CDC9215F7EFD}.Debug|Any CPU.ActiveCfg = Debug|Any CPU
		{4AA2479D-C5E6-4C7A-895B-CDC9215F7EFD}.Debug|Any CPU.Build.0 = Debug|Any CPU
		{4AA2479D-C5E6-4C7A-895B-CDC9215F7EFD}.Release|Any CPU.ActiveCfg = Release|Any CPU
		{4AA2479D-C5E6-4C7A-895B-CDC9215F7EFD}.Release|Any CPU.Build.0 = Release|Any CPU
	EndGlobalSection
	GlobalSection(SolutionProperties) = preSolution
		HideSolutionNode = FALSE
	EndGlobalSection
	GlobalSection(ExtensibilityGlobals) = postSolution
		SolutionGuid = {3D105305-0A5C-48E9-99BE-7A187FA1AD8E}
	EndGlobalSection
EndGlobal
